
Microsoft Visual Studio Solution File, Format Version 12.00
# Visual Studio Version 16
VisualStudioVersion = 16.0.29324.140
MinimumVisualStudioVersion = 10.0.40219.1
Project("{FAE04EC0-301F-11D3-BF4B-00C04F79EFBC}") = "Lcd", "Lcd\Lcd.csproj", "{DBCC7445-D39F-4B8F-9C6F-40F416C6C15C}"
EndProject
Global
	GlobalSection(SolutionConfigurationPlatforms) = preSolution
		Debug|Any CPU = Debug|Any CPU
		Release|Any CPU = Release|Any CPU
	EndGlobalSection
	GlobalSection(ProjectConfigurationPlatforms) = postSolution
		{DBCC7445-D39F-4B8F-9C6F-40F416C6C15C}.Debug|Any CPU.ActiveCfg = Debug|Any CPU
		{DBCC7445-D39F-4B8F-9C6F-40F416C6C15C}.Debug|Any CPU.Build.0 = Debug|Any CPU
		{DBCC7445-D39F-4B8F-9C6F-40F416C6C15C}.Release|Any CPU.ActiveCfg = Release|Any CPU
		{DBCC7445-D39F-4B8F-9C6F-40F416C6C15C}.Release|Any CPU.Build.0 = Release|Any CPU
	EndGlobalSection
	GlobalSection(SolutionProperties) = preSolution
		HideSolutionNode = FALSE
	EndGlobalSection
	GlobalSection(ExtensibilityGlobals) = postSolution
		SolutionGuid = {A1FDDD04-5F7B-4BCB-907C-5BC68DB092CB}
	EndGlobalSection
EndGlobal
